
Microsoft Visual Studio Solution File, Format Version 12.00
# Visual Studio Version 16
VisualStudioVersion = 16.0.29926.136
MinimumVisualStudioVersion = 10.0.40219.1
Project("{9A19103F-16F7-4668-BE54-9A1E7A4F7556}") = "TaskManagement.Web", "TaskManagement\TaskManagement.Web.csproj", "{A000FE44-9AC5-466C-BE15-2838305F5C2F}"
EndProject
Project("{9A19103F-16F7-4668-BE54-9A1E7A4F7556}") = "TaskManagement.DAL", "TaskManagement.DAL\TaskManagement.DAL.csproj", "{2AF8A628-4ED5-4EF8-8EF2-81FF023CD883}"
EndProject
Project("{9A19103F-16F7-4668-BE54-9A1E7A4F7556}") = "TaskManagement.Test", "TaskManagement.Test\TaskManagement.Test.csproj", "{15925C9D-5501-434E-80A2-B646DD31C820}"
EndProject
Project("{E53339B2-1760-4266-BCC7-CA923CBCF16C}") = "docker-compose", "docker-compose.dcproj", "{101DD7E7-8F42-46C7-8608-82D77DC68E38}"
EndProject
Global
	GlobalSection(SolutionConfigurationPlatforms) = preSolution
		Debug|Any CPU = Debug|Any CPU
		Release|Any CPU = Release|Any CPU
	EndGlobalSection
	GlobalSection(ProjectConfigurationPlatforms) = postSolution
		{A000FE44-9AC5-466C-BE15-2838305F5C2F}.Debug|Any CPU.ActiveCfg = Debug|Any CPU
		{A000FE44-9AC5-466C-BE15-2838305F5C2F}.Debug|Any CPU.Build.0 = Debug|Any CPU
		{A000FE44-9AC5-466C-BE15-2838305F5C2F}.Release|Any CPU.ActiveCfg = Release|Any CPU
		{A000FE44-9AC5-466C-BE15-2838305F5C2F}.Release|Any CPU.Build.0 = Release|Any CPU
		{2AF8A628-4ED5-4EF8-8EF2-81FF023CD883}.Debug|Any CPU.ActiveCfg = Debug|Any CPU
		{2AF8A628-4ED5-4EF8-8EF2-81FF023CD883}.Debug|Any CPU.Build.0 = Debug|Any CPU
		{2AF8A628-4ED5-4EF8-8EF2-81FF023CD883}.Release|Any CPU.ActiveCfg = Release|Any CPU
		{2AF8A628-4ED5-4EF8-8EF2-81FF023CD883}.Release|Any CPU.Build.0 = Release|Any CPU
		{15925C9D-5501-434E-80A2-B646DD31C820}.Debug|Any CPU.ActiveCfg = Debug|Any CPU
		{15925C9D-5501-434E-80A2-B646DD31C820}.Debug|Any CPU.Build.0 = Debug|Any CPU
		{15925C9D-5501-434E-80A2-B646DD31C820}.Release|Any CPU.ActiveCfg = Release|Any CPU
		{15925C9D-5501-434E-80A2-B646DD31C820}.Release|Any CPU.Build.0 = Release|Any CPU
		{101DD7E7-8F42-46C7-8608-82D77DC68E38}.Debug|Any CPU.ActiveCfg = Debug|Any CPU
		{101DD7E7-8F42-46C7-8608-82D77DC68E38}.Debug|Any CPU.Build.0 = Debug|Any CPU
		{101DD7E7-8F42-46C7-8608-82D77DC68E38}.Release|Any CPU.ActiveCfg = Release|Any CPU
		{101DD7E7-8F42-46C7-8608-82D77DC68E38}.Release|Any CPU.Build.0 = Release|Any CPU
	EndGlobalSection
	GlobalSection(SolutionProperties) = preSolution
		HideSolutionNode = FALSE
	EndGlobalSection
	GlobalSection(ExtensibilityGlobals) = postSolution
		SolutionGuid = {8554DDE8-F12E-4A7F-9986-AF656DAE8123}
	EndGlobalSection
EndGlobal
