
Microsoft Visual Studio Solution File, Format Version 12.00
# Visual Studio 15
VisualStudioVersion = 15.0.28307.421
MinimumVisualStudioVersion = 10.0.40219.1
Project("{9A19103F-16F7-4668-BE54-9A1E7A4F7556}") = "TaskManagement.Web", "TaskManagement\TaskManagement.Web.csproj", "{A000FE44-9AC5-466C-BE15-2838305F5C2F}"
EndProject
Project("{9A19103F-16F7-4668-BE54-9A1E7A4F7556}") = "TaskManagement.DAL", "TaskManagement.DAL\TaskManagement.DAL.csproj", "{2AF8A628-4ED5-4EF8-8EF2-81FF023CD883}"
EndProject
Project("{FAE04EC0-301F-11D3-BF4B-00C04F79EFBC}") = "TaskManagement.Test", "TaskManagement.Test\TaskManagement.Test.csproj", "{15925C9D-5501-434E-80A2-B646DD31C820}"
EndProject
Global
	GlobalSection(SolutionConfigurationPlatforms) = preSolution
		Debug|Any CPU = Debug|Any CPU
		Release|Any CPU = Release|Any CPU
	EndGlobalSection
	GlobalSection(ProjectConfigurationPlatforms) = postSolution
		{A000FE44-9AC5-466C-BE15-2838305F5C2F}.Debug|Any CPU.ActiveCfg = Debug|Any CPU
		{A000FE44-9AC5-466C-BE15-2838305F5C2F}.Debug|Any CPU.Build.0 = Debug|Any CPU
		{A000FE44-9AC5-466C-BE15-2838305F5C2F}.Release|Any CPU.ActiveCfg = Release|Any CPU
		{A000FE44-9AC5-466C-BE15-2838305F5C2F}.Release|Any CPU.Build.0 = Release|Any CPU
		{2AF8A628-4ED5-4EF8-8EF2-81FF023CD883}.Debug|Any CPU.ActiveCfg = Debug|Any CPU
		{2AF8A628-4ED5-4EF8-8EF2-81FF023CD883}.Debug|Any CPU.Build.0 = Debug|Any CPU
		{2AF8A628-4ED5-4EF8-8EF2-81FF023CD883}.Release|Any CPU.ActiveCfg = Release|Any CPU
		{2AF8A628-4ED5-4EF8-8EF2-81FF023CD883}.Release|Any CPU.Build.0 = Release|Any CPU
		{15925C9D-5501-434E-80A2-B646DD31C820}.Debug|Any CPU.ActiveCfg = Debug|Any CPU
		{15925C9D-5501-434E-80A2-B646DD31C820}.Debug|Any CPU.Build.0 = Debug|Any CPU
		{15925C9D-5501-434E-80A2-B646DD31C820}.Release|Any CPU.ActiveCfg = Release|Any CPU
		{15925C9D-5501-434E-80A2-B646DD31C820}.Release|Any CPU.Build.0 = Release|Any CPU
	EndGlobalSection
	GlobalSection(SolutionProperties) = preSolution
		HideSolutionNode = FALSE
	EndGlobalSection
	GlobalSection(ExtensibilityGlobals) = postSolution
		SolutionGuid = {8554DDE8-F12E-4A7F-9986-AF656DAE8123}
	EndGlobalSection
EndGlobal
